<?xml version="1.0" encoding="UTF-8" standalone="yes" ?>
<CodeBlocks_project_file>
	<FileVersion major="1" minor="6" />
	<Project>
		<Option title="CG_TF" />
		<Option pch_mode="2" />
		<Option compiler="gcc" />
		<Build>
			<Target title="Debug">
				<Option output="bin/Debug/CG_TF" prefix_auto="1" extension_auto="1" />
				<Option object_output="obj/Debug/" />
				<Option type="1" />
				<Option compiler="gcc" />
				<Option parameters="./files/" />
				<Compiler>
					<Add option="-g" />
				</Compiler>
				<Linker>
					<Add library="GL" />
					<Add library="GLU" />
					<Add library="glut" />
				</Linker>
			</Target>
			<Target title="Release">
				<Option output="bin/Release/CG_TF" prefix_auto="1" extension_auto="1" />
				<Option object_output="obj/Release/" />
				<Option type="1" />
				<Option compiler="gcc" />
				<Compiler>
					<Add option="-O2" />
				</Compiler>
				<Linker>
					<Add option="-s" />
				</Linker>
			</Target>
		</Build>
		<Compiler>
			<Add option="-Wall" />
			<Add option="-fexceptions" />
		</Compiler>
		<Unit filename="Arena.cpp" />
		<Unit filename="Arena.h" />
		<Unit filename="Circle.cpp" />
		<Unit filename="Circle.h" />
		<Unit filename="EstruturasBasicas.cpp" />
		<Unit filename="EstruturasBasicas.h" />
		<Unit filename="Helicoptero.cpp" />
		<Unit filename="Helicoptero.h" />
		<Unit filename="Rect.cpp" />
		<Unit filename="Rect.h" />
		<Unit filename="SVG.cpp" />
		<Unit filename="SVG.h" />
		<Unit filename="Tiro.cpp" />
		<Unit filename="Tiro.h" />
		<Unit filename="XML.cpp" />
		<Unit filename="XML.h" />
		<Unit filename="files/15-08-07 CG 2015-2 - TF.pdf" />
		<Unit filename="files/arena.svg" />
		<Unit filename="files/config.xml" />
		<Unit filename="files/todo.txt" />
		<Unit filename="imageloader.cpp" />
		<Unit filename="imageloader.h" />
		<Unit filename="images/earth.bmp" />
		<Unit filename="images/stars1.bmp" />
		<Unit filename="images/sun1.bmp" />
		<Unit filename="main.cpp" />
		<Unit filename="makefile" />
		<Unit filename="tinyxml2.cpp" />
		<Unit filename="tinyxml2.h" />
		<Extensions>
			<code_completion />
			<debugger />
		</Extensions>
	</Project>
</CodeBlocks_project_file>
